{
  "name": "乐哥亲戚计算器",
  "lockfileVersion": 3,
  "requires": true,
  "packages": {
    "": {
      "dependencies": {
        "relationship.js": "^1.2.4"
      }
    },
    "node_modules/relationship.js": {
      "version": "1.2.4",
      "resolved": "https://registry.npmmirror.com/relationship.js/-/relationship.js-1.2.4.tgz",
      "integrity": "sha512-6HTLFGBz4a1PZxPMIg3gPZ8SNak3zAK6UDZytjtyfkCeBXBf+eCymLbfgJieJtLbzUmLCxIm4xdYYQ/FxZxqTw=="
    }
  }
}
